
Microsoft Visual Studio Solution File, Format Version 12.00
# Visual Studio Version 16
VisualStudioVersion = 16.0.30611.23
MinimumVisualStudioVersion = 10.0.40219.1
Project("{FAE04EC0-301F-11D3-BF4B-00C04F79EFBC}") = "Proyecto", "Proyecto\Proyecto.csproj", "{9F309B5B-FFD3-4E7F-8D10-EAD3DA86D09D}"
EndProject
Global
	GlobalSection(SolutionConfigurationPlatforms) = preSolution
		Debug|Any CPU = Debug|Any CPU
		Release|Any CPU = Release|Any CPU
	EndGlobalSection
	GlobalSection(ProjectConfigurationPlatforms) = postSolution
		{9F309B5B-FFD3-4E7F-8D10-EAD3DA86D09D}.Debug|Any CPU.ActiveCfg = Debug|Any CPU
		{9F309B5B-FFD3-4E7F-8D10-EAD3DA86D09D}.Debug|Any CPU.Build.0 = Debug|Any CPU
		{9F309B5B-FFD3-4E7F-8D10-EAD3DA86D09D}.Release|Any CPU.ActiveCfg = Release|Any CPU
		{9F309B5B-FFD3-4E7F-8D10-EAD3DA86D09D}.Release|Any CPU.Build.0 = Release|Any CPU
	EndGlobalSection
	GlobalSection(SolutionProperties) = preSolution
		HideSolutionNode = FALSE
	EndGlobalSection
	GlobalSection(ExtensibilityGlobals) = postSolution
		SolutionGuid = {E8CBD2F6-CFA9-4E94-9D14-C630922614EE}
	EndGlobalSection
EndGlobal
